
Microsoft Visual Studio Solution File, Format Version 12.00
# Visual Studio Version 17
VisualStudioVersion = 17.4.33122.133
MinimumVisualStudioVersion = 10.0.40219.1
Project("{FAE04EC0-301F-11D3-BF4B-00C04F79EFBC}") = "StashApp.Android", "StashApp\StashApp.Android\StashApp.Android.csproj", "{1C78A3CE-8F7D-4CD1-BA8E-0E12CFD44797}"
EndProject
Project("{FAE04EC0-301F-11D3-BF4B-00C04F79EFBC}") = "StashApp", "StashApp\StashApp\StashApp.csproj", "{6CF15AFA-CACE-468C-A074-51058A174EF5}"
EndProject
Global
	GlobalSection(SolutionConfigurationPlatforms) = preSolution
		Debug|Any CPU = Debug|Any CPU
		Release|Any CPU = Release|Any CPU
	EndGlobalSection
	GlobalSection(ProjectConfigurationPlatforms) = postSolution
		{1C78A3CE-8F7D-4CD1-BA8E-0E12CFD44797}.Debug|Any CPU.ActiveCfg = Debug|Any CPU
		{1C78A3CE-8F7D-4CD1-BA8E-0E12CFD44797}.Debug|Any CPU.Build.0 = Debug|Any CPU
		{1C78A3CE-8F7D-4CD1-BA8E-0E12CFD44797}.Debug|Any CPU.Deploy.0 = Debug|Any CPU
		{1C78A3CE-8F7D-4CD1-BA8E-0E12CFD44797}.Release|Any CPU.ActiveCfg = Release|Any CPU
		{1C78A3CE-8F7D-4CD1-BA8E-0E12CFD44797}.Release|Any CPU.Build.0 = Release|Any CPU
		{1C78A3CE-8F7D-4CD1-BA8E-0E12CFD44797}.Release|Any CPU.Deploy.0 = Release|Any CPU
		{6CF15AFA-CACE-468C-A074-51058A174EF5}.Debug|Any CPU.ActiveCfg = Debug|Any CPU
		{6CF15AFA-CACE-468C-A074-51058A174EF5}.Debug|Any CPU.Build.0 = Debug|Any CPU
		{6CF15AFA-CACE-468C-A074-51058A174EF5}.Debug|Any CPU.Deploy.0 = Debug|Any CPU
		{6CF15AFA-CACE-468C-A074-51058A174EF5}.Release|Any CPU.ActiveCfg = Release|Any CPU
		{6CF15AFA-CACE-468C-A074-51058A174EF5}.Release|Any CPU.Build.0 = Release|Any CPU
		{6CF15AFA-CACE-468C-A074-51058A174EF5}.Release|Any CPU.Deploy.0 = Release|Any CPU
	EndGlobalSection
	GlobalSection(SolutionProperties) = preSolution
		HideSolutionNode = FALSE
	EndGlobalSection
	GlobalSection(ExtensibilityGlobals) = postSolution
		SolutionGuid = {CCA48D2E-1938-4C54-A029-54E8DE48B9BB}
	EndGlobalSection
EndGlobal
